<?xml version="1.0" encoding="utf-8"?>
<Project xmlns="http://schemas.microsoft.com/developer/msbuild/2003">
  <ItemGroup>
    <Filter Include="Form Files">
      <UniqueIdentifier>{99349809-55BA-4b9d-BF79-8FDBB0286EB3}</UniqueIdentifier>
      <Extensions>ui</Extensions>
      <ParseFiles>false</ParseFiles>
    </Filter>
    <Filter Include="Form Files">
      <UniqueIdentifier>{99349809-55BA-4b9d-BF79-8FDBB0286EB3}</UniqueIdentifier>
      <Extensions>ui</Extensions>
      <ParseFiles>false</ParseFiles>
    </Filter>
    <Filter Include="Generated Files">
      <UniqueIdentifier>{71ED8ED8-ACB9-4CE9-BBE1-E00B30144E11}</UniqueIdentifier>
      <Extensions>cpp;c;cxx;moc;h;def;odl;idl;res;</Extensions>
    </Filter>
    <Filter Include="Generated Files">
      <UniqueIdentifier>{71ED8ED8-ACB9-4CE9-BBE1-E00B30144E11}</UniqueIdentifier>
      <Extensions>cpp;c;cxx;moc;h;def;odl;idl;res;</Extensions>
    </Filter>
    <Filter Include="Header Files">
      <UniqueIdentifier>{93995380-89BD-4b04-88EB-625FBE52EBFB}</UniqueIdentifier>
      <Extensions>h;hpp;hxx;hm;inl;inc;xsd</Extensions>
    </Filter>
    <Filter Include="Header Files">
      <UniqueIdentifier>{93995380-89BD-4b04-88EB-625FBE52EBFB}</UniqueIdentifier>
      <Extensions>h;hpp;hxx;hm;inl;inc;xsd</Extensions>
    </Filter>
    <Filter Include="Resource Files">
      <UniqueIdentifier>{D9D6E242-F8AF-46E4-B9FD-80ECBC20BA3E}</UniqueIdentifier>
      <Extensions>qrc;*</Extensions>
      <ParseFiles>false</ParseFiles>
    </Filter>
    <Filter Include="Resource Files">
      <UniqueIdentifier>{D9D6E242-F8AF-46E4-B9FD-80ECBC20BA3E}</UniqueIdentifier>
      <Extensions>qrc;*</Extensions>
      <ParseFiles>false</ParseFiles>
    </Filter>
    <Filter Include="Source Files">
      <UniqueIdentifier>{4FC737F1-C7A5-4376-A066-2A32D752A2FF}</UniqueIdentifier>
      <Extensions>cpp;c;cxx;def;odl;idl;hpj;bat;asm;asmx</Extensions>
    </Filter>
    <Filter Include="Source Files">
      <UniqueIdentifier>{4FC737F1-C7A5-4376-A066-2A32D752A2FF}</UniqueIdentifier>
      <Extensions>cpp;c;cxx;def;odl;idl;hpj;bat;asm;asmx</Extensions>
    </Filter>
    <Filter Include="Generated Files\Release">
      <UniqueIdentifier>{07e40e9d-4cf7-41af-b67e-fa23c92b914e}</UniqueIdentifier>
    </Filter>
    <Filter Include="Form Files\webkit">
      <UniqueIdentifier>{27e3065b-b072-404d-8a3b-1db1e5663a0a}</UniqueIdentifier>
    </Filter>
    <Filter Include="Header Files\webkit">
      <UniqueIdentifier>{dd87b9f5-c5c1-44a8-ae41-68c8120614c9}</UniqueIdentifier>
    </Filter>
  </ItemGroup>
  <ItemGroup>
    <ClCompile Include="DarkStyle.cpp">
      <Filter>Source Files</Filter>
    </ClCompile>
    <ClCompile Include="framelesswindow\framelesswindow.cpp">
      <Filter>Source Files</Filter>
    </ClCompile>
    <ClCompile Include="main.cpp">
      <Filter>Source Files</Filter>
    </ClCompile>
    <ClCompile Include="mainwindow.cpp">
      <Filter>Source Files</Filter>
    </ClCompile>
    <ClCompile Include="framelesswindow\windowdragger.cpp">
      <Filter>Source Files</Filter>
    </ClCompile>
  </ItemGroup>
  <ItemGroup>
    <QtMoc Include="DarkStyle.h">
      <Filter>Header Files</Filter>
    </QtMoc>
    <QtMoc Include="framelesswindow\framelesswindow.h">
      <Filter>Header Files</Filter>
    </QtMoc>
    <QtMoc Include="mainwindow.h">
      <Filter>Header Files</Filter>
    </QtMoc>
    <QtMoc Include="framelesswindow\windowdragger.h">
      <Filter>Header Files</Filter>
    </QtMoc>
  </ItemGroup>
  <ItemGroup>
    <CustomBuild Include="debug\moc_predefs.h.cbt">
      <Filter>Generated Files</Filter>
    </CustomBuild>
    <CustomBuild Include="release\moc_predefs.h.cbt">
      <Filter>Generated Files</Filter>
    </CustomBuild>
  </ItemGroup>
  <ItemGroup>
    <QtUic Include="mainwindow.ui">
      <Filter>Form Files</Filter>
    </QtUic>
  </ItemGroup>
  <ItemGroup>
    <QtRcc Include="darkstyle.qrc">
      <Filter>Resource Files</Filter>
    </QtRcc>
    <None Include="darkstyle\darkstyle.qss">
      <Filter>Resource Files</Filter>
    </None>
    <QtRcc Include="framelesswindow.qrc">
      <Filter>Resource Files</Filter>
    </QtRcc>
    <None Include="darkstyle\icon_branch_closed.png">
      <Filter>Resource Files</Filter>
    </None>
    <None Include="darkstyle\icon_branch_end.png">
      <Filter>Resource Files</Filter>
    </None>
    <None Include="darkstyle\icon_branch_more.png">
      <Filter>Resource Files</Filter>
    </None>
    <None Include="darkstyle\icon_branch_open.png">
      <Filter>Resource Files</Filter>
    </None>
    <None Include="darkstyle\icon_checkbox_checked.png">
      <Filter>Resource Files</Filter>
    </None>
    <None Include="darkstyle\icon_checkbox_checked_disabled.png">
      <Filter>Resource Files</Filter>
    </None>
    <None Include="darkstyle\icon_checkbox_checked_pressed.png">
      <Filter>Resource Files</Filter>
    </None>
    <None Include="darkstyle\icon_checkbox_indeterminate.png">
      <Filter>Resource Files</Filter>
    </None>
    <None Include="darkstyle\icon_checkbox_indeterminate_disabled.png">
      <Filter>Resource Files</Filter>
    </None>
    <None Include="darkstyle\icon_checkbox_indeterminate_pressed.png">
      <Filter>Resource Files</Filter>
    </None>
    <None Include="darkstyle\icon_checkbox_unchecked.png">
      <Filter>Resource Files</Filter>
    </None>
    <None Include="darkstyle\icon_checkbox_unchecked_disabled.png">
      <Filter>Resource Files</Filter>
    </None>
    <None Include="darkstyle\icon_checkbox_unchecked_pressed.png">
      <Filter>Resource Files</Filter>
    </None>
    <None Include="darkstyle\icon_close.png">
      <Filter>Resource Files</Filter>
    </None>
    <None Include="darkstyle\icon_radiobutton_checked.png">
      <Filter>Resource Files</Filter>
    </None>
    <None Include="darkstyle\icon_radiobutton_checked_disabled.png">
      <Filter>Resource Files</Filter>
    </None>
    <None Include="darkstyle\icon_radiobutton_checked_pressed.png">
      <Filter>Resource Files</Filter>
    </None>
    <None Include="darkstyle\icon_radiobutton_unchecked.png">
      <Filter>Resource Files</Filter>
    </None>
    <None Include="darkstyle\icon_radiobutton_unchecked_disabled.png">
      <Filter>Resource Files</Filter>
    </None>
    <None Include="darkstyle\icon_radiobutton_unchecked_pressed.png">
      <Filter>Resource Files</Filter>
    </None>
    <None Include="darkstyle\icon_restore.png">
      <Filter>Resource Files</Filter>
    </None>
    <None Include="darkstyle\icon_undock.png">
      <Filter>Resource Files</Filter>
    </None>
    <None Include="darkstyle\icon_vline.png">
      <Filter>Resource Files</Filter>
    </None>
    <None Include="images\icon_window_close.png">
      <Filter>Resource Files</Filter>
    </None>
    <None Include="images\icon_window_maximize.png">
      <Filter>Resource Files</Filter>
    </None>
    <None Include="images\icon_window_minimize.png">
      <Filter>Resource Files</Filter>
    </None>
    <None Include="images\icon_window_restore.png">
      <Filter>Resource Files</Filter>
    </None>
  </ItemGroup>
  <ItemGroup>
    <ClInclude Include="GeneratedFiles\ui_mainwindow.h">
      <Filter>Generated Files</Filter>
    </ClInclude>
  </ItemGroup>
  <ItemGroup>
    <None Include="..\simplebrowser\data\AppLogoColor.png">
      <Filter>Resource Files</Filter>
    </None>
    <None Include="..\simplebrowser\data\dialog-error.png">
      <Filter>Resource Files</Filter>
    </None>
    <None Include="..\simplebrowser\data\edit-clear.png">
      <Filter>Resource Files</Filter>
    </None>
    <None Include="..\simplebrowser\data\go-bottom.png">
      <Filter>Resource Files</Filter>
    </None>
    <None Include="..\simplebrowser\data\go-next.png">
      <Filter>Resource Files</Filter>
    </None>
    <None Include="..\simplebrowser\data\go-previous.png">
      <Filter>Resource Files</Filter>
    </None>
    <None Include="..\simplebrowser\data\ninja.png">
      <Filter>Resource Files</Filter>
    </None>
    <None Include="..\simplebrowser\data\process-stop.png">
      <Filter>Resource Files</Filter>
    </None>
    <None Include="..\simplebrowser\data\text-html.png">
      <Filter>Resource Files</Filter>
    </None>
    <None Include="..\simplebrowser\data\view-refresh.png">
      <Filter>Resource Files</Filter>
    </None>
  </ItemGroup>
</Project>